// !$*UTF8*$!
{
	archiveVersion = 1;
	classes = {
	};
	objectVersion = 55;
	objects = {

/* Begin PBXBuildFile section */
		3D236FB5280E75710086CC58 /* Localizable.strings in Resources */ = {isa = PBXBuildFile; fileRef = 3D236FB7280E75710086CC58 /* Localizable.strings */; };
		3D236FB9280E765B0086CC58 /* String+Localized.swift in Sources */ = {isa = PBXBuildFile; fileRef = 3D236FB8280E765B0086CC58 /* String+Localized.swift */; };
		3D236FBF280E7F910086CC58 /* HomeView.ViewMode.swift in Sources */ = {isa = PBXBuildFile; fileRef = 3D236FBE280E7F910086CC58 /* HomeView.ViewMode.swift */; };
		3D236FD7281132BB0086CC58 /* Currency_ExchangerTests.swift in Sources */ = {isa = PBXBuildFile; fileRef = 3D236FD6281132BB0086CC58 /* Currency_ExchangerTests.swift */; };
		3D236FDE2811A3C20086CC58 /* CurrencyOperation.swift in Sources */ = {isa = PBXBuildFile; fileRef = 3D236FDD2811A3C20086CC58 /* CurrencyOperation.swift */; };
		3D236FE22811A47B0086CC58 /* BalanceResponse.swift in Sources */ = {isa = PBXBuildFile; fileRef = 3D236FE12811A47B0086CC58 /* BalanceResponse.swift */; };
		3D236FE52811A4FF0086CC58 /* BalanceTitleModifier.swift in Sources */ = {isa = PBXBuildFile; fileRef = 3D236FE42811A4FF0086CC58 /* BalanceTitleModifier.swift */; };
		3DF616E7280D117A00DBD6BA /* Colors.xcassets in Resources */ = {isa = PBXBuildFile; fileRef = 3DF616E6280D117A00DBD6BA /* Colors.xcassets */; };
		3DF616E9280D11B500DBD6BA /* Color+.swift in Sources */ = {isa = PBXBuildFile; fileRef = 3DF616E8280D11B500DBD6BA /* Color+.swift */; };
		3DF616EC280D172D00DBD6BA /* DataController.swift in Sources */ = {isa = PBXBuildFile; fileRef = 3DF616EB280D172D00DBD6BA /* DataController.swift */; };
		3DF7F07A280BDFC600E8A9A5 /* Currency_ExchangerApp.swift in Sources */ = {isa = PBXBuildFile; fileRef = 3DF7F079280BDFC600E8A9A5 /* Currency_ExchangerApp.swift */; };
		3DF7F07C280BDFC600E8A9A5 /* ContentView.swift in Sources */ = {isa = PBXBuildFile; fileRef = 3DF7F07B280BDFC600E8A9A5 /* ContentView.swift */; };
		3DF7F07E280BDFC700E8A9A5 /* Assets.xcassets in Resources */ = {isa = PBXBuildFile; fileRef = 3DF7F07D280BDFC700E8A9A5 /* Assets.xcassets */; };
		3DF7F081280BDFC700E8A9A5 /* Preview Assets.xcassets in Resources */ = {isa = PBXBuildFile; fileRef = 3DF7F080280BDFC700E8A9A5 /* Preview Assets.xcassets */; };
		3DF7F08C280BE00C00E8A9A5 /* Currency.swift in Sources */ = {isa = PBXBuildFile; fileRef = 3DF7F08B280BE00C00E8A9A5 /* Currency.swift */; };
		3DF7F08E280BE09E00E8A9A5 /* Balance.swift in Sources */ = {isa = PBXBuildFile; fileRef = 3DF7F08D280BE09E00E8A9A5 /* Balance.swift */; };
		3DF7F092280BEB1000E8A9A5 /* BalanceList.swift in Sources */ = {isa = PBXBuildFile; fileRef = 3DF7F091280BEB1000E8A9A5 /* BalanceList.swift */; };
		3DF7F094280BEBB000E8A9A5 /* BalanceView.swift in Sources */ = {isa = PBXBuildFile; fileRef = 3DF7F093280BEBB000E8A9A5 /* BalanceView.swift */; };
		3DF7F09B280BEE3700E8A9A5 /* ExchangeService.swift in Sources */ = {isa = PBXBuildFile; fileRef = 3DF7F09A280BEE3700E8A9A5 /* ExchangeService.swift */; };
		3DF7F09D280BF1D900E8A9A5 /* HomeView.swift in Sources */ = {isa = PBXBuildFile; fileRef = 3DF7F09C280BF1D900E8A9A5 /* HomeView.swift */; };
		3DF7F0A5280BFB6800E8A9A5 /* DataModel.xcdatamodeld in Sources */ = {isa = PBXBuildFile; fileRef = 3DF7F0A3280BFB6800E8A9A5 /* DataModel.xcdatamodeld */; };
		423027A6280C727400A3FA7F /* Moya in Frameworks */ = {isa = PBXBuildFile; productRef = 423027A5280C727400A3FA7F /* Moya */; };
		423027A8280C819700A3FA7F /* ExchangeView.swift in Sources */ = {isa = PBXBuildFile; fileRef = 423027A7280C819700A3FA7F /* ExchangeView.swift */; };
		423027AA280C880C00A3FA7F /* CurrencyButton.swift in Sources */ = {isa = PBXBuildFile; fileRef = 423027A9280C880C00A3FA7F /* CurrencyButton.swift */; };
		423027AC280C8A0900A3FA7F /* ExchangeView.ViewModel.swift in Sources */ = {isa = PBXBuildFile; fileRef = 423027AB280C8A0900A3FA7F /* ExchangeView.ViewModel.swift */; };
/* End PBXBuildFile section */

/* Begin PBXContainerItemProxy section */
		3D236FD8281132BB0086CC58 /* PBXContainerItemProxy */ = {
			isa = PBXContainerItemProxy;
			containerPortal = 3DF7F06E280BDFC600E8A9A5 /* Project object */;
			proxyType = 1;
			remoteGlobalIDString = 3DF7F075280BDFC600E8A9A5;
			remoteInfo = "Currency Exchanger";
		};
/* End PBXContainerItemProxy section */

/* Begin PBXFileReference section */
		3D236FB6280E75710086CC58 /* en */ = {isa = PBXFileReference; lastKnownFileType = text.plist.strings; name = en; path = en.lproj/Localizable.strings; sourceTree = "<group>"; };
		3D236FB8280E765B0086CC58 /* String+Localized.swift */ = {isa = PBXFileReference; lastKnownFileType = sourcecode.swift; path = "String+Localized.swift"; sourceTree = "<group>"; };
		3D236FBE280E7F910086CC58 /* HomeView.ViewMode.swift */ = {isa = PBXFileReference; lastKnownFileType = sourcecode.swift; path = HomeView.ViewMode.swift; sourceTree = "<group>"; };
		3D236FC0280E831F0086CC58 /* Currency-Exchanger-Info.plist */ = {isa = PBXFileReference; lastKnownFileType = text.plist.xml; name = "Currency-Exchanger-Info.plist"; path = "Currency Exchanger/Supporting Files/Currency-Exchanger-Info.plist"; sourceTree = SOURCE_ROOT; };
		3D236FD4281132BB0086CC58 /* Currency ConverterTests.xctest */ = {isa = PBXFileReference; explicitFileType = wrapper.cfbundle; includeInIndex = 0; path = "Currency ConverterTests.xctest"; sourceTree = BUILT_PRODUCTS_DIR; };
		3D236FD6281132BB0086CC58 /* Currency_ExchangerTests.swift */ = {isa = PBXFileReference; lastKnownFileType = sourcecode.swift; path = Currency_ExchangerTests.swift; sourceTree = "<group>"; };
		3D236FDD2811A3C20086CC58 /* CurrencyOperation.swift */ = {isa = PBXFileReference; lastKnownFileType = sourcecode.swift; path = CurrencyOperation.swift; sourceTree = "<group>"; };
		3D236FE12811A47B0086CC58 /* BalanceResponse.swift */ = {isa = PBXFileReference; lastKnownFileType = sourcecode.swift; path = BalanceResponse.swift; sourceTree = "<group>"; };
		3D236FE42811A4FF0086CC58 /* BalanceTitleModifier.swift */ = {isa = PBXFileReference; lastKnownFileType = sourcecode.swift; path = BalanceTitleModifier.swift; sourceTree = "<group>"; };
		3DF616E6280D117A00DBD6BA /* Colors.xcassets */ = {isa = PBXFileReference; lastKnownFileType = folder.assetcatalog; path = Colors.xcassets; sourceTree = "<group>"; };
		3DF616E8280D11B500DBD6BA /* Color+.swift */ = {isa = PBXFileReference; lastKnownFileType = sourcecode.swift; path = "Color+.swift"; sourceTree = "<group>"; };
		3DF616EB280D172D00DBD6BA /* DataController.swift */ = {isa = PBXFileReference; lastKnownFileType = sourcecode.swift; path = DataController.swift; sourceTree = "<group>"; };
		3DF7F076280BDFC600E8A9A5 /* Currency Converter.app */ = {isa = PBXFileReference; explicitFileType = wrapper.application; includeInIndex = 0; path = "Currency Converter.app"; sourceTree = BUILT_PRODUCTS_DIR; };
		3DF7F079280BDFC600E8A9A5 /* Currency_ExchangerApp.swift */ = {isa = PBXFileReference; lastKnownFileType = sourcecode.swift; path = Currency_ExchangerApp.swift; sourceTree = "<group>"; };
		3DF7F07B280BDFC600E8A9A5 /* ContentView.swift */ = {isa = PBXFileReference; lastKnownFileType = sourcecode.swift; path = ContentView.swift; sourceTree = "<group>"; };
		3DF7F07D280BDFC700E8A9A5 /* Assets.xcassets */ = {isa = PBXFileReference; lastKnownFileType = folder.assetcatalog; path = Assets.xcassets; sourceTree = "<group>"; };
		3DF7F080280BDFC700E8A9A5 /* Preview Assets.xcassets */ = {isa = PBXFileReference; lastKnownFileType = folder.assetcatalog; path = "Preview Assets.xcassets"; sourceTree = "<group>"; };
		3DF7F08B280BE00C00E8A9A5 /* Currency.swift */ = {isa = PBXFileReference; lastKnownFileType = sourcecode.swift; path = Currency.swift; sourceTree = "<group>"; };
		3DF7F08D280BE09E00E8A9A5 /* Balance.swift */ = {isa = PBXFileReference; lastKnownFileType = sourcecode.swift; path = Balance.swift; sourceTree = "<group>"; };
		3DF7F091280BEB1000E8A9A5 /* BalanceList.swift */ = {isa = PBXFileReference; lastKnownFileType = sourcecode.swift; path = BalanceList.swift; sourceTree = "<group>"; };
		3DF7F093280BEBB000E8A9A5 /* BalanceView.swift */ = {isa = PBXFileReference; lastKnownFileType = sourcecode.swift; path = BalanceView.swift; sourceTree = "<group>"; };
		3DF7F09A280BEE3700E8A9A5 /* ExchangeService.swift */ = {isa = PBXFileReference; lastKnownFileType = sourcecode.swift; path = ExchangeService.swift; sourceTree = "<group>"; };
		3DF7F09C280BF1D900E8A9A5 /* HomeView.swift */ = {isa = PBXFileReference; lastKnownFileType = sourcecode.swift; path = HomeView.swift; sourceTree = "<group>"; };
		3DF7F0A4280BFB6800E8A9A5 /* DataModel.xcdatamodel */ = {isa = PBXFileReference; lastKnownFileType = wrapper.xcdatamodel; path = DataModel.xcdatamodel; sourceTree = "<group>"; };
		423027A7280C819700A3FA7F /* ExchangeView.swift */ = {isa = PBXFileReference; lastKnownFileType = sourcecode.swift; path = ExchangeView.swift; sourceTree = "<group>"; };
		423027A9280C880C00A3FA7F /* CurrencyButton.swift */ = {isa = PBXFileReference; lastKnownFileType = sourcecode.swift; path = CurrencyButton.swift; sourceTree = "<group>"; };
		423027AB280C8A0900A3FA7F /* ExchangeView.ViewModel.swift */ = {isa = PBXFileReference; lastKnownFileType = sourcecode.swift; path = ExchangeView.ViewModel.swift; sourceTree = "<group>"; };
/* End PBXFileReference section */

/* Begin PBXFrameworksBuildPhase section */
		3D236FD1281132BB0086CC58 /* Frameworks */ = {
			isa = PBXFrameworksBuildPhase;
			buildActionMask = 2147483647;
			files = (
			);
			runOnlyForDeploymentPostprocessing = 0;
		};
		3DF7F073280BDFC600E8A9A5 /* Frameworks */ = {
			isa = PBXFrameworksBuildPhase;
			buildActionMask = 2147483647;
			files = (
				423027A6280C727400A3FA7F /* Moya in Frameworks */,
			);
			runOnlyForDeploymentPostprocessing = 0;
		};
/* End PBXFrameworksBuildPhase section */

/* Begin PBXGroup section */
		3D236FBA280E76A20086CC58 /* Supporting Files */ = {
			isa = PBXGroup;
			children = (
				3D236FC0280E831F0086CC58 /* Currency-Exchanger-Info.plist */,
				3D236FB7280E75710086CC58 /* Localizable.strings */,
			);
			path = "Supporting Files";
			sourceTree = "<group>";
		};
		3D236FBB280E76AD0086CC58 /* Extensions */ = {
			isa = PBXGroup;
			children = (
				3DF616E8280D11B500DBD6BA /* Color+.swift */,
				3D236FB8280E765B0086CC58 /* String+Localized.swift */,
			);
			path = Extensions;
			sourceTree = "<group>";
		};
		3D236FBC280E76FD0086CC58 /* CoreData */ = {
			isa = PBXGroup;
			children = (
				3DF616EB280D172D00DBD6BA /* DataController.swift */,
			);
			path = CoreData;
			sourceTree = "<group>";
		};
		3D236FBD280E77060086CC58 /* Network API */ = {
			isa = PBXGroup;
			children = (
				3DF7F09A280BEE3700E8A9A5 /* ExchangeService.swift */,
			);
			path = "Network API";
			sourceTree = "<group>";
		};
		3D236FD5281132BB0086CC58 /* Currency ExchangerTests */ = {
			isa = PBXGroup;
			children = (
				3D236FD6281132BB0086CC58 /* Currency_ExchangerTests.swift */,
			);
			path = "Currency ExchangerTests";
			sourceTree = "<group>";
		};
		3D236FDF2811A3F30086CC58 /* Helper */ = {
			isa = PBXGroup;
			children = (
				3D236FDD2811A3C20086CC58 /* CurrencyOperation.swift */,
			);
			path = Helper;
			sourceTree = "<group>";
		};
		3D236FE02811A4050086CC58 /* Resources */ = {
			isa = PBXGroup;
			children = (
				3DF7F07D280BDFC700E8A9A5 /* Assets.xcassets */,
				3DF616E6280D117A00DBD6BA /* Colors.xcassets */,
			);
			path = Resources;
			sourceTree = "<group>";
		};
		3D236FE32811A4F50086CC58 /* Modifiers */ = {
			isa = PBXGroup;
			children = (
				3D236FE42811A4FF0086CC58 /* BalanceTitleModifier.swift */,
			);
			path = Modifiers;
			sourceTree = "<group>";
		};
		3DF616EA280D172400DBD6BA /* Services */ = {
			isa = PBXGroup;
			children = (
				3D236FBC280E76FD0086CC58 /* CoreData */,
				3D236FBD280E77060086CC58 /* Network API */,
			);
			path = Services;
			sourceTree = "<group>";
		};
		3DF7F06D280BDFC600E8A9A5 = {
			isa = PBXGroup;
			children = (
				3DF7F078280BDFC600E8A9A5 /* Currency Exchanger */,
				3D236FD5281132BB0086CC58 /* Currency ExchangerTests */,
				3DF7F077280BDFC600E8A9A5 /* Products */,
			);
			sourceTree = "<group>";
		};
		3DF7F077280BDFC600E8A9A5 /* Products */ = {
			isa = PBXGroup;
			children = (
				3DF7F076280BDFC600E8A9A5 /* Currency Converter.app */,
				3D236FD4281132BB0086CC58 /* Currency ConverterTests.xctest */,
			);
			name = Products;
			sourceTree = "<group>";
		};
		3DF7F078280BDFC600E8A9A5 /* Currency Exchanger */ = {
			isa = PBXGroup;
			children = (
				3DF7F079280BDFC600E8A9A5 /* Currency_ExchangerApp.swift */,
				3DF7F07B280BDFC600E8A9A5 /* ContentView.swift */,
				3DF7F089280BDFE700E8A9A5 /* View */,
				3DF7F087280BDFDB00E8A9A5 /* Model */,
				3DF616EA280D172400DBD6BA /* Services */,
				3D236FE32811A4F50086CC58 /* Modifiers */,
				3D236FDF2811A3F30086CC58 /* Helper */,
				3D236FBB280E76AD0086CC58 /* Extensions */,
				3D236FE02811A4050086CC58 /* Resources */,
				3D236FBA280E76A20086CC58 /* Supporting Files */,
				3DF7F07F280BDFC700E8A9A5 /* Preview Content */,
			);
			path = "Currency Exchanger";
			sourceTree = "<group>";
		};
		3DF7F07F280BDFC700E8A9A5 /* Preview Content */ = {
			isa = PBXGroup;
			children = (
				3DF7F080280BDFC700E8A9A5 /* Preview Assets.xcassets */,
			);
			path = "Preview Content";
			sourceTree = "<group>";
		};
		3DF7F087280BDFDB00E8A9A5 /* Model */ = {
			isa = PBXGroup;
			children = (
				3DF7F08B280BE00C00E8A9A5 /* Currency.swift */,
				3D236FE12811A47B0086CC58 /* BalanceResponse.swift */,
				3DF7F08D280BE09E00E8A9A5 /* Balance.swift */,
				3DF7F0A3280BFB6800E8A9A5 /* DataModel.xcdatamodeld */,
			);
			path = Model;
			sourceTree = "<group>";
		};
		3DF7F089280BDFE700E8A9A5 /* View */ = {
			isa = PBXGroup;
			children = (
				3DF7F09C280BF1D900E8A9A5 /* HomeView.swift */,
				3D236FBE280E7F910086CC58 /* HomeView.ViewMode.swift */,
				3DF7F091280BEB1000E8A9A5 /* BalanceList.swift */,
				3DF7F093280BEBB000E8A9A5 /* BalanceView.swift */,
				423027A7280C819700A3FA7F /* ExchangeView.swift */,
				423027AB280C8A0900A3FA7F /* ExchangeView.ViewModel.swift */,
				423027A9280C880C00A3FA7F /* CurrencyButton.swift */,
			);
			path = View;
			sourceTree = "<group>";
		};
/* End PBXGroup section */

/* Begin PBXNativeTarget section */
		3D236FD3281132BB0086CC58 /* Currency ConverterTests */ = {
			isa = PBXNativeTarget;
			buildConfigurationList = 3D236FDA281132BC0086CC58 /* Build configuration list for PBXNativeTarget "Currency ConverterTests" */;
			buildPhases = (
				3D236FD0281132BB0086CC58 /* Sources */,
				3D236FD1281132BB0086CC58 /* Frameworks */,
				3D236FD2281132BB0086CC58 /* Resources */,
			);
			buildRules = (
			);
			dependencies = (
				3D236FD9281132BB0086CC58 /* PBXTargetDependency */,
			);
			name = "Currency ConverterTests";
			productName = "Currency ExchangerTests";
			productReference = 3D236FD4281132BB0086CC58 /* Currency ConverterTests.xctest */;
			productType = "com.apple.product-type.bundle.unit-test";
		};
		3DF7F075280BDFC600E8A9A5 /* Currency Converter */ = {
			isa = PBXNativeTarget;
			buildConfigurationList = 3DF7F084280BDFC700E8A9A5 /* Build configuration list for PBXNativeTarget "Currency Converter" */;
			buildPhases = (
				3DF7F072280BDFC600E8A9A5 /* Sources */,
				3DF7F073280BDFC600E8A9A5 /* Frameworks */,
				3DF7F074280BDFC600E8A9A5 /* Resources */,
			);
			buildRules = (
			);
			dependencies = (
			);
			name = "Currency Converter";
			packageProductDependencies = (
				423027A5280C727400A3FA7F /* Moya */,
			);
			productName = "Currency Exchanger";
			productReference = 3DF7F076280BDFC600E8A9A5 /* Currency Converter.app */;
			productType = "com.apple.product-type.application";
		};
/* End PBXNativeTarget section */

/* Begin PBXProject section */
		3DF7F06E280BDFC600E8A9A5 /* Project object */ = {
			isa = PBXProject;
			attributes = {
				BuildIndependentTargetsInParallel = 1;
				LastSwiftUpdateCheck = 1330;
				LastUpgradeCheck = 1330;
				TargetAttributes = {
					3D236FD3281132BB0086CC58 = {
						CreatedOnToolsVersion = 13.3;
						TestTargetID = 3DF7F075280BDFC600E8A9A5;
					};
					3DF7F075280BDFC600E8A9A5 = {
						CreatedOnToolsVersion = 13.3;
					};
				};
			};
			buildConfigurationList = 3DF7F071280BDFC600E8A9A5 /* Build configuration list for PBXProject "Currency Converter" */;
			compatibilityVersion = "Xcode 13.0";
			developmentRegion = en;
			hasScannedForEncodings = 0;
			knownRegions = (
				en,
				Base,
			);
			mainGroup = 3DF7F06D280BDFC600E8A9A5;
			packageReferences = (
				423027A4280C727400A3FA7F /* XCRemoteSwiftPackageReference "Moya" */,
			);
			productRefGroup = 3DF7F077280BDFC600E8A9A5 /* Products */;
			projectDirPath = "";
			projectRoot = "";
			targets = (
				3DF7F075280BDFC600E8A9A5 /* Currency Converter */,
				3D236FD3281132BB0086CC58 /* Currency ConverterTests */,
			);
		};
/* End PBXProject section */

/* Begin PBXResourcesBuildPhase section */
		3D236FD2281132BB0086CC58 /* Resources */ = {
			isa = PBXResourcesBuildPhase;
			buildActionMask = 2147483647;
			files = (
			);
			runOnlyForDeploymentPostprocessing = 0;
		};
		3DF7F074280BDFC600E8A9A5 /* Resources */ = {
			isa = PBXResourcesBuildPhase;
			buildActionMask = 2147483647;
			files = (
				3DF616E7280D117A00DBD6BA /* Colors.xcassets in Resources */,
				3D236FB5280E75710086CC58 /* Localizable.strings in Resources */,
				3DF7F081280BDFC700E8A9A5 /* Preview Assets.xcassets in Resources */,
				3DF7F07E280BDFC700E8A9A5 /* Assets.xcassets in Resources */,
			);
			runOnlyForDeploymentPostprocessing = 0;
		};
/* End PBXResourcesBuildPhase section */

/* Begin PBXSourcesBuildPhase section */
		3D236FD0281132BB0086CC58 /* Sources */ = {
			isa = PBXSourcesBuildPhase;
			buildActionMask = 2147483647;
			files = (
				3D236FD7281132BB0086CC58 /* Currency_ExchangerTests.swift in Sources */,
			);
			runOnlyForDeploymentPostprocessing = 0;
		};
		3DF7F072280BDFC600E8A9A5 /* Sources */ = {
			isa = PBXSourcesBuildPhase;
			buildActionMask = 2147483647;
			files = (
				3DF7F0A5280BFB6800E8A9A5 /* DataModel.xcdatamodeld in Sources */,
				423027A8280C819700A3FA7F /* ExchangeView.swift in Sources */,
				3DF7F09D280BF1D900E8A9A5 /* HomeView.swift in Sources */,
				3DF616E9280D11B500DBD6BA /* Color+.swift in Sources */,
				3D236FDE2811A3C20086CC58 /* CurrencyOperation.swift in Sources */,
				3D236FBF280E7F910086CC58 /* HomeView.ViewMode.swift in Sources */,
				3DF7F08C280BE00C00E8A9A5 /* Currency.swift in Sources */,
				3D236FE22811A47B0086CC58 /* BalanceResponse.swift in Sources */,
				3DF7F09B280BEE3700E8A9A5 /* ExchangeService.swift in Sources */,
				3D236FE52811A4FF0086CC58 /* BalanceTitleModifier.swift in Sources */,
				3DF7F07C280BDFC600E8A9A5 /* ContentView.swift in Sources */,
				423027AC280C8A0900A3FA7F /* ExchangeView.ViewModel.swift in Sources */,
				3DF7F092280BEB1000E8A9A5 /* BalanceList.swift in Sources */,
				3D236FB9280E765B0086CC58 /* String+Localized.swift in Sources */,
				3DF616EC280D172D00DBD6BA /* DataController.swift in Sources */,
				3DF7F08E280BE09E00E8A9A5 /* Balance.swift in Sources */,
				3DF7F07A280BDFC600E8A9A5 /* Currency_ExchangerApp.swift in Sources */,
				423027AA280C880C00A3FA7F /* CurrencyButton.swift in Sources */,
				3DF7F094280BEBB000E8A9A5 /* BalanceView.swift in Sources */,
			);
			runOnlyForDeploymentPostprocessing = 0;
		};
/* End PBXSourcesBuildPhase section */

/* Begin PBXTargetDependency section */
		3D236FD9281132BB0086CC58 /* PBXTargetDependency */ = {
			isa = PBXTargetDependency;
			target = 3DF7F075280BDFC600E8A9A5 /* Currency Converter */;
			targetProxy = 3D236FD8281132BB0086CC58 /* PBXContainerItemProxy */;
		};
/* End PBXTargetDependency section */

/* Begin PBXVariantGroup section */
		3D236FB7280E75710086CC58 /* Localizable.strings */ = {
			isa = PBXVariantGroup;
			children = (
				3D236FB6280E75710086CC58 /* en */,
			);
			name = Localizable.strings;
			sourceTree = "<group>";
		};
/* End PBXVariantGroup section */

/* Begin XCBuildConfiguration section */
		3D236FDB281132BC0086CC58 /* Debug */ = {
			isa = XCBuildConfiguration;
			buildSettings = {
				BUNDLE_LOADER = "$(TEST_HOST)";
				CODE_SIGN_STYLE = Automatic;
				CURRENT_PROJECT_VERSION = 1;
				DEVELOPMENT_TEAM = 6B57LUDFDG;
				GENERATE_INFOPLIST_FILE = YES;
				MARKETING_VERSION = 1.0;
				PRODUCT_BUNDLE_IDENTIFIER = "ir.vahidsayad.Currency-ExchangerTests";
				PRODUCT_NAME = "$(TARGET_NAME)";
				SWIFT_EMIT_LOC_STRINGS = NO;
				SWIFT_VERSION = 5.0;
				TARGETED_DEVICE_FAMILY = "1,2";
				TEST_HOST = "$(BUILT_PRODUCTS_DIR)/Currency Converter.app/Currency Converter";
			};
			name = Debug;
		};
		3D236FDC281132BC0086CC58 /* Release */ = {
			isa = XCBuildConfiguration;
			buildSettings = {
				BUNDLE_LOADER = "$(TEST_HOST)";
				CODE_SIGN_STYLE = Automatic;
				CURRENT_PROJECT_VERSION = 1;
				DEVELOPMENT_TEAM = 6B57LUDFDG;
				GENERATE_INFOPLIST_FILE = YES;
				MARKETING_VERSION = 1.0;
				PRODUCT_BUNDLE_IDENTIFIER = "ir.vahidsayad.Currency-ExchangerTests";
				PRODUCT_NAME = "$(TARGET_NAME)";
				SWIFT_EMIT_LOC_STRINGS = NO;
				SWIFT_VERSION = 5.0;
				TARGETED_DEVICE_FAMILY = "1,2";
				TEST_HOST = "$(BUILT_PRODUCTS_DIR)/Currency Converter.app/Currency Converter";
			};
			name = Release;
		};
		3DF7F082280BDFC700E8A9A5 /* Debug */ = {
			isa = XCBuildConfiguration;
			buildSettings = {
				ALWAYS_SEARCH_USER_PATHS = NO;
				CLANG_ANALYZER_NONNULL = YES;
				CLANG_ANALYZER_NUMBER_OBJECT_CONVERSION = YES_AGGRESSIVE;
				CLANG_CXX_LANGUAGE_STANDARD = "gnu++17";
				CLANG_ENABLE_MODULES = YES;
				CLANG_ENABLE_OBJC_ARC = YES;
				CLANG_ENABLE_OBJC_WEAK = YES;
				CLANG_WARN_BLOCK_CAPTURE_AUTORELEASING = YES;
				CLANG_WARN_BOOL_CONVERSION = YES;
				CLANG_WARN_COMMA = YES;
				CLANG_WARN_CONSTANT_CONVERSION = YES;
				CLANG_WARN_DEPRECATED_OBJC_IMPLEMENTATIONS = YES;
				CLANG_WARN_DIRECT_OBJC_ISA_USAGE = YES_ERROR;
				CLANG_WARN_DOCUMENTATION_COMMENTS = YES;
				CLANG_WARN_EMPTY_BODY = YES;
				CLANG_WARN_ENUM_CONVERSION = YES;
				CLANG_WARN_INFINITE_RECURSION = YES;
				CLANG_WARN_INT_CONVERSION = YES;
				CLANG_WARN_NON_LITERAL_NULL_CONVERSION = YES;
				CLANG_WARN_OBJC_IMPLICIT_RETAIN_SELF = YES;
				CLANG_WARN_OBJC_LITERAL_CONVERSION = YES;
				CLANG_WARN_OBJC_ROOT_CLASS = YES_ERROR;
				CLANG_WARN_QUOTED_INCLUDE_IN_FRAMEWORK_HEADER = YES;
				CLANG_WARN_RANGE_LOOP_ANALYSIS = YES;
				CLANG_WARN_STRICT_PROTOTYPES = YES;
				CLANG_WARN_SUSPICIOUS_MOVE = YES;
				CLANG_WARN_UNGUARDED_AVAILABILITY = YES_AGGRESSIVE;
				CLANG_WARN_UNREACHABLE_CODE = YES;
				CLANG_WARN__DUPLICATE_METHOD_MATCH = YES;
				COPY_PHASE_STRIP = NO;
				DEBUG_INFORMATION_FORMAT = dwarf;
				ENABLE_STRICT_OBJC_MSGSEND = YES;
				ENABLE_TESTABILITY = YES;
				GCC_C_LANGUAGE_STANDARD = gnu11;
				GCC_DYNAMIC_NO_PIC = NO;
				GCC_NO_COMMON_BLOCKS = YES;
				GCC_OPTIMIZATION_LEVEL = 0;
				GCC_PREPROCESSOR_DEFINITIONS = (
					"DEBUG=1",
					"$(inherited)",
				);
				GCC_WARN_64_TO_32_BIT_CONVERSION = YES;
				GCC_WARN_ABOUT_RETURN_TYPE = YES_ERROR;
				GCC_WARN_UNDECLARED_SELECTOR = YES;
				GCC_WARN_UNINITIALIZED_AUTOS = YES_AGGRESSIVE;
				GCC_WARN_UNUSED_FUNCTION = YES;
				GCC_WARN_UNUSED_VARIABLE = YES;
				IPHONEOS_DEPLOYMENT_TARGET = 15.4;
				MTL_ENABLE_DEBUG_INFO = INCLUDE_SOURCE;
				MTL_FAST_MATH = YES;
				ONLY_ACTIVE_ARCH = YES;
				SDKROOT = iphoneos;
				SWIFT_ACTIVE_COMPILATION_CONDITIONS = DEBUG;
				SWIFT_OPTIMIZATION_LEVEL = "-Onone";
			};
			name = Debug;
		};
		3DF7F083280BDFC700E8A9A5 /* Release */ = {
			isa = XCBuildConfiguration;
			buildSettings = {
				ALWAYS_SEARCH_USER_PATHS = NO;
				CLANG_ANALYZER_NONNULL = YES;
				CLANG_ANALYZER_NUMBER_OBJECT_CONVERSION = YES_AGGRESSIVE;
				CLANG_CXX_LANGUAGE_STANDARD = "gnu++17";
				CLANG_ENABLE_MODULES = YES;
				CLANG_ENABLE_OBJC_ARC = YES;
				CLANG_ENABLE_OBJC_WEAK = YES;
				CLANG_WARN_BLOCK_CAPTURE_AUTORELEASING = YES;
				CLANG_WARN_BOOL_CONVERSION = YES;
				CLANG_WARN_COMMA = YES;
				CLANG_WARN_CONSTANT_CONVERSION = YES;
				CLANG_WARN_DEPRECATED_OBJC_IMPLEMENTATIONS = YES;
				CLANG_WARN_DIRECT_OBJC_ISA_USAGE = YES_ERROR;
				CLANG_WARN_DOCUMENTATION_COMMENTS = YES;
				CLANG_WARN_EMPTY_BODY = YES;
				CLANG_WARN_ENUM_CONVERSION = YES;
				CLANG_WARN_INFINITE_RECURSION = YES;
				CLANG_WARN_INT_CONVERSION = YES;
				CLANG_WARN_NON_LITERAL_NULL_CONVERSION = YES;
				CLANG_WARN_OBJC_IMPLICIT_RETAIN_SELF = YES;
				CLANG_WARN_OBJC_LITERAL_CONVERSION = YES;
				CLANG_WARN_OBJC_ROOT_CLASS = YES_ERROR;
				CLANG_WARN_QUOTED_INCLUDE_IN_FRAMEWORK_HEADER = YES;
				CLANG_WARN_RANGE_LOOP_ANALYSIS = YES;
				CLANG_WARN_STRICT_PROTOTYPES = YES;
				CLANG_WARN_SUSPICIOUS_MOVE = YES;
				CLANG_WARN_UNGUARDED_AVAILABILITY = YES_AGGRESSIVE;
				CLANG_WARN_UNREACHABLE_CODE = YES;
				CLANG_WARN__DUPLICATE_METHOD_MATCH = YES;
				COPY_PHASE_STRIP = NO;
				DEBUG_INFORMATION_FORMAT = "dwarf-with-dsym";
				ENABLE_NS_ASSERTIONS = NO;
				ENABLE_STRICT_OBJC_MSGSEND = YES;
				GCC_C_LANGUAGE_STANDARD = gnu11;
				GCC_NO_COMMON_BLOCKS = YES;
				GCC_WARN_64_TO_32_BIT_CONVERSION = YES;
				GCC_WARN_ABOUT_RETURN_TYPE = YES_ERROR;
				GCC_WARN_UNDECLARED_SELECTOR = YES;
				GCC_WARN_UNINITIALIZED_AUTOS = YES_AGGRESSIVE;
				GCC_WARN_UNUSED_FUNCTION = YES;
				GCC_WARN_UNUSED_VARIABLE = YES;
				IPHONEOS_DEPLOYMENT_TARGET = 15.4;
				MTL_ENABLE_DEBUG_INFO = NO;
				MTL_FAST_MATH = YES;
				SDKROOT = iphoneos;
				SWIFT_COMPILATION_MODE = wholemodule;
				SWIFT_OPTIMIZATION_LEVEL = "-O";
				VALIDATE_PRODUCT = YES;
			};
			name = Release;
		};
		3DF7F085280BDFC700E8A9A5 /* Debug */ = {
			isa = XCBuildConfiguration;
			buildSettings = {
				ASSETCATALOG_COMPILER_APPICON_NAME = AppIcon;
				ASSETCATALOG_COMPILER_GLOBAL_ACCENT_COLOR_NAME = AccentColor;
				CODE_SIGN_STYLE = Automatic;
				CURRENT_PROJECT_VERSION = 1;
				DEVELOPMENT_ASSET_PATHS = "\"Currency Exchanger/Preview Content\"";
				DEVELOPMENT_TEAM = 6B57LUDFDG;
				ENABLE_PREVIEWS = YES;
				GENERATE_INFOPLIST_FILE = YES;
				INFOPLIST_FILE = "Currency Exchanger/Supporting Files/Currency-Exchanger-Info.plist";
				INFOPLIST_KEY_CFBundleDisplayName = "Currency Converter";
				INFOPLIST_KEY_UIApplicationSceneManifest_Generation = YES;
				INFOPLIST_KEY_UIApplicationSupportsIndirectInputEvents = YES;
				INFOPLIST_KEY_UILaunchScreen_Generation = YES;
				INFOPLIST_KEY_UISupportedInterfaceOrientations_iPad = "UIInterfaceOrientationPortrait UIInterfaceOrientationPortraitUpsideDown UIInterfaceOrientationLandscapeLeft UIInterfaceOrientationLandscapeRight";
				INFOPLIST_KEY_UISupportedInterfaceOrientations_iPhone = "UIInterfaceOrientationPortrait UIInterfaceOrientationLandscapeLeft UIInterfaceOrientationLandscapeRight";
				IPHONEOS_DEPLOYMENT_TARGET = 14.0;
				LD_RUNPATH_SEARCH_PATHS = (
					"$(inherited)",
					"@executable_path/Frameworks",
				);
				MARKETING_VERSION = 1.0;
				PRODUCT_BUNDLE_IDENTIFIER = "ir.vahidsayad.Currency-Exchanger";
				PRODUCT_NAME = "$(TARGET_NAME)";
				SWIFT_EMIT_LOC_STRINGS = YES;
				SWIFT_VERSION = 5.0;
				TARGETED_DEVICE_FAMILY = "1,2";
			};
			name = Debug;
		};
		3DF7F086280BDFC700E8A9A5 /* Release */ = {
			isa = XCBuildConfiguration;
			buildSettings = {
				ASSETCATALOG_COMPILER_APPICON_NAME = AppIcon;
				ASSETCATALOG_COMPILER_GLOBAL_ACCENT_COLOR_NAME = AccentColor;
				CODE_SIGN_STYLE = Automatic;
				CURRENT_PROJECT_VERSION = 1;
				DEVELOPMENT_ASSET_PATHS = "\"Currency Exchanger/Preview Content\"";
				DEVELOPMENT_TEAM = 6B57LUDFDG;
				ENABLE_PREVIEWS = YES;
				GENERATE_INFOPLIST_FILE = YES;
				INFOPLIST_FILE = "Currency Exchanger/Supporting Files/Currency-Exchanger-Info.plist";
				INFOPLIST_KEY_CFBundleDisplayName = "Currency Converter";
				INFOPLIST_KEY_UIApplicationSceneManifest_Generation = YES;
				INFOPLIST_KEY_UIApplicationSupportsIndirectInputEvents = YES;
				INFOPLIST_KEY_UILaunchScreen_Generation = YES;
				INFOPLIST_KEY_UISupportedInterfaceOrientations_iPad = "UIInterfaceOrientationPortrait UIInterfaceOrientationPortraitUpsideDown UIInterfaceOrientationLandscapeLeft UIInterfaceOrientationLandscapeRight";
				INFOPLIST_KEY_UISupportedInterfaceOrientations_iPhone = "UIInterfaceOrientationPortrait UIInterfaceOrientationLandscapeLeft UIInterfaceOrientationLandscapeRight";
				IPHONEOS_DEPLOYMENT_TARGET = 14.0;
				LD_RUNPATH_SEARCH_PATHS = (
					"$(inherited)",
					"@executable_path/Frameworks",
				);
				MARKETING_VERSION = 1.0;
				PRODUCT_BUNDLE_IDENTIFIER = "ir.vahidsayad.Currency-Exchanger";
				PRODUCT_NAME = "$(TARGET_NAME)";
				SWIFT_EMIT_LOC_STRINGS = YES;
				SWIFT_VERSION = 5.0;
				TARGETED_DEVICE_FAMILY = "1,2";
			};
			name = Release;
		};
/* End XCBuildConfiguration section */

/* Begin XCConfigurationList section */
		3D236FDA281132BC0086CC58 /* Build configuration list for PBXNativeTarget "Currency ConverterTests" */ = {
			isa = XCConfigurationList;
			buildConfigurations = (
				3D236FDB281132BC0086CC58 /* Debug */,
				3D236FDC281132BC0086CC58 /* Release */,
			);
			defaultConfigurationIsVisible = 0;
			defaultConfigurationName = Release;
		};
		3DF7F071280BDFC600E8A9A5 /* Build configuration list for PBXProject "Currency Converter" */ = {
			isa = XCConfigurationList;
			buildConfigurations = (
				3DF7F082280BDFC700E8A9A5 /* Debug */,
				3DF7F083280BDFC700E8A9A5 /* Release */,
			);
			defaultConfigurationIsVisible = 0;
			defaultConfigurationName = Release;
		};
		3DF7F084280BDFC700E8A9A5 /* Build configuration list for PBXNativeTarget "Currency Converter" */ = {
			isa = XCConfigurationList;
			buildConfigurations = (
				3DF7F085280BDFC700E8A9A5 /* Debug */,
				3DF7F086280BDFC700E8A9A5 /* Release */,
			);
			defaultConfigurationIsVisible = 0;
			defaultConfigurationName = Release;
		};
/* End XCConfigurationList section */

/* Begin XCRemoteSwiftPackageReference section */
		423027A4280C727400A3FA7F /* XCRemoteSwiftPackageReference "Moya" */ = {
			isa = XCRemoteSwiftPackageReference;
			repositoryURL = "https://github.com/Moya/Moya.git";
			requirement = {
				kind = upToNextMajorVersion;
				minimumVersion = 15.0.0;
			};
		};
/* End XCRemoteSwiftPackageReference section */

/* Begin XCSwiftPackageProductDependency section */
		423027A5280C727400A3FA7F /* Moya */ = {
			isa = XCSwiftPackageProductDependency;
			package = 423027A4280C727400A3FA7F /* XCRemoteSwiftPackageReference "Moya" */;
			productName = Moya;
		};
/* End XCSwiftPackageProductDependency section */

/* Begin XCVersionGroup section */
		3DF7F0A3280BFB6800E8A9A5 /* DataModel.xcdatamodeld */ = {
			isa = XCVersionGroup;
			children = (
				3DF7F0A4280BFB6800E8A9A5 /* DataModel.xcdatamodel */,
			);
			currentVersion = 3DF7F0A4280BFB6800E8A9A5 /* DataModel.xcdatamodel */;
			path = DataModel.xcdatamodeld;
			sourceTree = "<group>";
			versionGroupType = wrapper.xcdatamodel;
		};
/* End XCVersionGroup section */
	};
	rootObject = 3DF7F06E280BDFC600E8A9A5 /* Project object */;
}
